// !$*UTF8*$!
{
	archiveVersion = 1;
	classes = {
	};
	objectVersion = 56;
	objects = {

/* Begin PBXBuildFile section */
		A516E4262C8F449B00B8095C /* AppDelegate.swift in Sources */ = {isa = PBXBuildFile; fileRef = A516E4252C8F449B00B8095C /* AppDelegate.swift */; };
		A516E4282C8F449B00B8095C /* SceneDelegate.swift in Sources */ = {isa = PBXBuildFile; fileRef = A516E4272C8F449B00B8095C /* SceneDelegate.swift */; };
		A516E42A2C8F449B00B8095C /* ViewController.swift in Sources */ = {isa = PBXBuildFile; fileRef = A516E4292C8F449B00B8095C /* ViewController.swift */; };
		A516E42D2C8F449B00B8095C /* Base in Resources */ = {isa = PBXBuildFile; fileRef = A516E42C2C8F449B00B8095C /* Base */; };
		A516E42F2C8F449C00B8095C /* Assets.xcassets in Resources */ = {isa = PBXBuildFile; fileRef = A516E42E2C8F449C00B8095C /* Assets.xcassets */; };
		A516E4322C8F449C00B8095C /* Base in Resources */ = {isa = PBXBuildFile; fileRef = A516E4312C8F449C00B8095C /* Base */; };
		A516E43D2C8F449C00B8095C /* PlistSearchTests.swift in Sources */ = {isa = PBXBuildFile; fileRef = A516E43C2C8F449C00B8095C /* PlistSearchTests.swift */; };
		A516E4472C8F449C00B8095C /* PlistSearchUITests.swift in Sources */ = {isa = PBXBuildFile; fileRef = A516E4462C8F449C00B8095C /* PlistSearchUITests.swift */; };
		A516E4492C8F449C00B8095C /* PlistSearchUITestsLaunchTests.swift in Sources */ = {isa = PBXBuildFile; fileRef = A516E4482C8F449C00B8095C /* PlistSearchUITestsLaunchTests.swift */; };
		A516E4562C8F44F800B8095C /* PList.plist in Resources */ = {isa = PBXBuildFile; fileRef = A516E4552C8F44F800B8095C /* PList.plist */; };
		A516E4582C8F46C000B8095C /* DemoCell.swift in Sources */ = {isa = PBXBuildFile; fileRef = A516E4572C8F46C000B8095C /* DemoCell.swift */; };
		A516E45A2C8F501700B8095C /* MyModel.swift in Sources */ = {isa = PBXBuildFile; fileRef = A516E4592C8F501700B8095C /* MyModel.swift */; };
		A516E45C2C8F509B00B8095C /* ArcViewController.swift in Sources */ = {isa = PBXBuildFile; fileRef = A516E45B2C8F509B00B8095C /* ArcViewController.swift */; };
/* End PBXBuildFile section */

/* Begin PBXContainerItemProxy section */
		A516E4392C8F449C00B8095C /* PBXContainerItemProxy */ = {
			isa = PBXContainerItemProxy;
			containerPortal = A516E41A2C8F449B00B8095C /* Project object */;
			proxyType = 1;
			remoteGlobalIDString = A516E4212C8F449B00B8095C;
			remoteInfo = PlistSearch;
		};
		A516E4432C8F449C00B8095C /* PBXContainerItemProxy */ = {
			isa = PBXContainerItemProxy;
			containerPortal = A516E41A2C8F449B00B8095C /* Project object */;
			proxyType = 1;
			remoteGlobalIDString = A516E4212C8F449B00B8095C;
			remoteInfo = PlistSearch;
		};
/* End PBXContainerItemProxy section */

/* Begin PBXFileReference section */
		A516E4222C8F449B00B8095C /* PlistSearch.app */ = {isa = PBXFileReference; explicitFileType = wrapper.application; includeInIndex = 0; path = PlistSearch.app; sourceTree = BUILT_PRODUCTS_DIR; };
		A516E4252C8F449B00B8095C /* AppDelegate.swift */ = {isa = PBXFileReference; lastKnownFileType = sourcecode.swift; path = AppDelegate.swift; sourceTree = "<group>"; };
		A516E4272C8F449B00B8095C /* SceneDelegate.swift */ = {isa = PBXFileReference; lastKnownFileType = sourcecode.swift; path = SceneDelegate.swift; sourceTree = "<group>"; };
		A516E4292C8F449B00B8095C /* ViewController.swift */ = {isa = PBXFileReference; lastKnownFileType = sourcecode.swift; path = ViewController.swift; sourceTree = "<group>"; };
		A516E42C2C8F449B00B8095C /* Base */ = {isa = PBXFileReference; lastKnownFileType = file.storyboard; name = Base; path = Base.lproj/Main.storyboard; sourceTree = "<group>"; };
		A516E42E2C8F449C00B8095C /* Assets.xcassets */ = {isa = PBXFileReference; lastKnownFileType = folder.assetcatalog; path = Assets.xcassets; sourceTree = "<group>"; };
		A516E4312C8F449C00B8095C /* Base */ = {isa = PBXFileReference; lastKnownFileType = file.storyboard; name = Base; path = Base.lproj/LaunchScreen.storyboard; sourceTree = "<group>"; };
		A516E4332C8F449C00B8095C /* Info.plist */ = {isa = PBXFileReference; lastKnownFileType = text.plist.xml; path = Info.plist; sourceTree = "<group>"; };
		A516E4382C8F449C00B8095C /* PlistSearchTests.xctest */ = {isa = PBXFileReference; explicitFileType = wrapper.cfbundle; includeInIndex = 0; path = PlistSearchTests.xctest; sourceTree = BUILT_PRODUCTS_DIR; };
		A516E43C2C8F449C00B8095C /* PlistSearchTests.swift */ = {isa = PBXFileReference; lastKnownFileType = sourcecode.swift; path = PlistSearchTests.swift; sourceTree = "<group>"; };
		A516E4422C8F449C00B8095C /* PlistSearchUITests.xctest */ = {isa = PBXFileReference; explicitFileType = wrapper.cfbundle; includeInIndex = 0; path = PlistSearchUITests.xctest; sourceTree = BUILT_PRODUCTS_DIR; };
		A516E4462C8F449C00B8095C /* PlistSearchUITests.swift */ = {isa = PBXFileReference; lastKnownFileType = sourcecode.swift; path = PlistSearchUITests.swift; sourceTree = "<group>"; };
		A516E4482C8F449C00B8095C /* PlistSearchUITestsLaunchTests.swift */ = {isa = PBXFileReference; lastKnownFileType = sourcecode.swift; path = PlistSearchUITestsLaunchTests.swift; sourceTree = "<group>"; };
		A516E4552C8F44F800B8095C /* PList.plist */ = {isa = PBXFileReference; lastKnownFileType = text.plist.xml; path = PList.plist; sourceTree = "<group>"; };
		A516E4572C8F46C000B8095C /* DemoCell.swift */ = {isa = PBXFileReference; lastKnownFileType = sourcecode.swift; path = DemoCell.swift; sourceTree = "<group>"; };
		A516E4592C8F501700B8095C /* MyModel.swift */ = {isa = PBXFileReference; lastKnownFileType = sourcecode.swift; path = MyModel.swift; sourceTree = "<group>"; };
		A516E45B2C8F509B00B8095C /* ArcViewController.swift */ = {isa = PBXFileReference; lastKnownFileType = sourcecode.swift; path = ArcViewController.swift; sourceTree = "<group>"; };
/* End PBXFileReference section */

/* Begin PBXFrameworksBuildPhase section */
		A516E41F2C8F449B00B8095C /* Frameworks */ = {
			isa = PBXFrameworksBuildPhase;
			buildActionMask = 2147483647;
			files = (
			);
			runOnlyForDeploymentPostprocessing = 0;
		};
		A516E4352C8F449C00B8095C /* Frameworks */ = {
			isa = PBXFrameworksBuildPhase;
			buildActionMask = 2147483647;
			files = (
			);
			runOnlyForDeploymentPostprocessing = 0;
		};
		A516E43F2C8F449C00B8095C /* Frameworks */ = {
			isa = PBXFrameworksBuildPhase;
			buildActionMask = 2147483647;
			files = (
			);
			runOnlyForDeploymentPostprocessing = 0;
		};
/* End PBXFrameworksBuildPhase section */

/* Begin PBXGroup section */
		A516E4192C8F449B00B8095C = {
			isa = PBXGroup;
			children = (
				A516E4242C8F449B00B8095C /* PlistSearch */,
				A516E43B2C8F449C00B8095C /* PlistSearchTests */,
				A516E4452C8F449C00B8095C /* PlistSearchUITests */,
				A516E4232C8F449B00B8095C /* Products */,
			);
			sourceTree = "<group>";
		};
		A516E4232C8F449B00B8095C /* Products */ = {
			isa = PBXGroup;
			children = (
				A516E4222C8F449B00B8095C /* PlistSearch.app */,
				A516E4382C8F449C00B8095C /* PlistSearchTests.xctest */,
				A516E4422C8F449C00B8095C /* PlistSearchUITests.xctest */,
			);
			name = Products;
			sourceTree = "<group>";
		};
		A516E4242C8F449B00B8095C /* PlistSearch */ = {
			isa = PBXGroup;
			children = (
				A516E4252C8F449B00B8095C /* AppDelegate.swift */,
				A516E4272C8F449B00B8095C /* SceneDelegate.swift */,
				A516E4292C8F449B00B8095C /* ViewController.swift */,
				A516E42B2C8F449B00B8095C /* Main.storyboard */,
				A516E42E2C8F449C00B8095C /* Assets.xcassets */,
				A516E4302C8F449C00B8095C /* LaunchScreen.storyboard */,
				A516E4332C8F449C00B8095C /* Info.plist */,
				A516E4552C8F44F800B8095C /* PList.plist */,
				A516E4572C8F46C000B8095C /* DemoCell.swift */,
				A516E4592C8F501700B8095C /* MyModel.swift */,
				A516E45B2C8F509B00B8095C /* ArcViewController.swift */,
			);
			path = PlistSearch;
			sourceTree = "<group>";
		};
		A516E43B2C8F449C00B8095C /* PlistSearchTests */ = {
			isa = PBXGroup;
			children = (
				A516E43C2C8F449C00B8095C /* PlistSearchTests.swift */,
			);
			path = PlistSearchTests;
			sourceTree = "<group>";
		};
		A516E4452C8F449C00B8095C /* PlistSearchUITests */ = {
			isa = PBXGroup;
			children = (
				A516E4462C8F449C00B8095C /* PlistSearchUITests.swift */,
				A516E4482C8F449C00B8095C /* PlistSearchUITestsLaunchTests.swift */,
			);
			path = PlistSearchUITests;
			sourceTree = "<group>";
		};
/* End PBXGroup section */

/* Begin PBXNativeTarget section */
		A516E4212C8F449B00B8095C /* PlistSearch */ = {
			isa = PBXNativeTarget;
			buildConfigurationList = A516E44C2C8F449C00B8095C /* Build configuration list for PBXNativeTarget "PlistSearch" */;
			buildPhases = (
				A516E41E2C8F449B00B8095C /* Sources */,
				A516E41F2C8F449B00B8095C /* Frameworks */,
				A516E4202C8F449B00B8095C /* Resources */,
			);
			buildRules = (
			);
			dependencies = (
			);
			name = PlistSearch;
			productName = PlistSearch;
			productReference = A516E4222C8F449B00B8095C /* PlistSearch.app */;
			productType = "com.apple.product-type.application";
		};
		A516E4372C8F449C00B8095C /* PlistSearchTests */ = {
			isa = PBXNativeTarget;
			buildConfigurationList = A516E44F2C8F449C00B8095C /* Build configuration list for PBXNativeTarget "PlistSearchTests" */;
			buildPhases = (
				A516E4342C8F449C00B8095C /* Sources */,
				A516E4352C8F449C00B8095C /* Frameworks */,
				A516E4362C8F449C00B8095C /* Resources */,
			);
			buildRules = (
			);
			dependencies = (
				A516E43A2C8F449C00B8095C /* PBXTargetDependency */,
			);
			name = PlistSearchTests;
			productName = PlistSearchTests;
			productReference = A516E4382C8F449C00B8095C /* PlistSearchTests.xctest */;
			productType = "com.apple.product-type.bundle.unit-test";
		};
		A516E4412C8F449C00B8095C /* PlistSearchUITests */ = {
			isa = PBXNativeTarget;
			buildConfigurationList = A516E4522C8F449C00B8095C /* Build configuration list for PBXNativeTarget "PlistSearchUITests" */;
			buildPhases = (
				A516E43E2C8F449C00B8095C /* Sources */,
				A516E43F2C8F449C00B8095C /* Frameworks */,
				A516E4402C8F449C00B8095C /* Resources */,
			);
			buildRules = (
			);
			dependencies = (
				A516E4442C8F449C00B8095C /* PBXTargetDependency */,
			);
			name = PlistSearchUITests;
			productName = PlistSearchUITests;
			productReference = A516E4422C8F449C00B8095C /* PlistSearchUITests.xctest */;
			productType = "com.apple.product-type.bundle.ui-testing";
		};
/* End PBXNativeTarget section */

/* Begin PBXProject section */
		A516E41A2C8F449B00B8095C /* Project object */ = {
			isa = PBXProject;
			attributes = {
				BuildIndependentTargetsInParallel = 1;
				LastSwiftUpdateCheck = 1540;
				LastUpgradeCheck = 1540;
				TargetAttributes = {
					A516E4212C8F449B00B8095C = {
						CreatedOnToolsVersion = 15.4;
					};
					A516E4372C8F449C00B8095C = {
						CreatedOnToolsVersion = 15.4;
						TestTargetID = A516E4212C8F449B00B8095C;
					};
					A516E4412C8F449C00B8095C = {
						CreatedOnToolsVersion = 15.4;
						TestTargetID = A516E4212C8F449B00B8095C;
					};
				};
			};
			buildConfigurationList = A516E41D2C8F449B00B8095C /* Build configuration list for PBXProject "PlistSearch" */;
			compatibilityVersion = "Xcode 14.0";
			developmentRegion = en;
			hasScannedForEncodings = 0;
			knownRegions = (
				en,
				Base,
			);
			mainGroup = A516E4192C8F449B00B8095C;
			productRefGroup = A516E4232C8F449B00B8095C /* Products */;
			projectDirPath = "";
			projectRoot = "";
			targets = (
				A516E4212C8F449B00B8095C /* PlistSearch */,
				A516E4372C8F449C00B8095C /* PlistSearchTests */,
				A516E4412C8F449C00B8095C /* PlistSearchUITests */,
			);
		};
/* End PBXProject section */

/* Begin PBXResourcesBuildPhase section */
		A516E4202C8F449B00B8095C /* Resources */ = {
			isa = PBXResourcesBuildPhase;
			buildActionMask = 2147483647;
			files = (
				A516E42F2C8F449C00B8095C /* Assets.xcassets in Resources */,
				A516E4562C8F44F800B8095C /* PList.plist in Resources */,
				A516E4322C8F449C00B8095C /* Base in Resources */,
				A516E42D2C8F449B00B8095C /* Base in Resources */,
			);
			runOnlyForDeploymentPostprocessing = 0;
		};
		A516E4362C8F449C00B8095C /* Resources */ = {
			isa = PBXResourcesBuildPhase;
			buildActionMask = 2147483647;
			files = (
			);
			runOnlyForDeploymentPostprocessing = 0;
		};
		A516E4402C8F449C00B8095C /* Resources */ = {
			isa = PBXResourcesBuildPhase;
			buildActionMask = 2147483647;
			files = (
			);
			runOnlyForDeploymentPostprocessing = 0;
		};
/* End PBXResourcesBuildPhase section */

/* Begin PBXSourcesBuildPhase section */
		A516E41E2C8F449B00B8095C /* Sources */ = {
			isa = PBXSourcesBuildPhase;
			buildActionMask = 2147483647;
			files = (
				A516E42A2C8F449B00B8095C /* ViewController.swift in Sources */,
				A516E45C2C8F509B00B8095C /* ArcViewController.swift in Sources */,
				A516E4262C8F449B00B8095C /* AppDelegate.swift in Sources */,
				A516E45A2C8F501700B8095C /* MyModel.swift in Sources */,
				A516E4582C8F46C000B8095C /* DemoCell.swift in Sources */,
				A516E4282C8F449B00B8095C /* SceneDelegate.swift in Sources */,
			);
			runOnlyForDeploymentPostprocessing = 0;
		};
		A516E4342C8F449C00B8095C /* Sources */ = {
			isa = PBXSourcesBuildPhase;
			buildActionMask = 2147483647;
			files = (
				A516E43D2C8F449C00B8095C /* PlistSearchTests.swift in Sources */,
			);
			runOnlyForDeploymentPostprocessing = 0;
		};
		A516E43E2C8F449C00B8095C /* Sources */ = {
			isa = PBXSourcesBuildPhase;
			buildActionMask = 2147483647;
			files = (
				A516E4472C8F449C00B8095C /* PlistSearchUITests.swift in Sources */,
				A516E4492C8F449C00B8095C /* PlistSearchUITestsLaunchTests.swift in Sources */,
			);
			runOnlyForDeploymentPostprocessing = 0;
		};
/* End PBXSourcesBuildPhase section */

/* Begin PBXTargetDependency section */
		A516E43A2C8F449C00B8095C /* PBXTargetDependency */ = {
			isa = PBXTargetDependency;
			target = A516E4212C8F449B00B8095C /* PlistSearch */;
			targetProxy = A516E4392C8F449C00B8095C /* PBXContainerItemProxy */;
		};
		A516E4442C8F449C00B8095C /* PBXTargetDependency */ = {
			isa = PBXTargetDependency;
			target = A516E4212C8F449B00B8095C /* PlistSearch */;
			targetProxy = A516E4432C8F449C00B8095C /* PBXContainerItemProxy */;
		};
/* End PBXTargetDependency section */

/* Begin PBXVariantGroup section */
		A516E42B2C8F449B00B8095C /* Main.storyboard */ = {
			isa = PBXVariantGroup;
			children = (
				A516E42C2C8F449B00B8095C /* Base */,
			);
			name = Main.storyboard;
			sourceTree = "<group>";
		};
		A516E4302C8F449C00B8095C /* LaunchScreen.storyboard */ = {
			isa = PBXVariantGroup;
			children = (
				A516E4312C8F449C00B8095C /* Base */,
			);
			name = LaunchScreen.storyboard;
			sourceTree = "<group>";
		};
/* End PBXVariantGroup section */

/* Begin XCBuildConfiguration section */
		A516E44A2C8F449C00B8095C /* Debug */ = {
			isa = XCBuildConfiguration;
			buildSettings = {
				ALWAYS_SEARCH_USER_PATHS = NO;
				ASSETCATALOG_COMPILER_GENERATE_SWIFT_ASSET_SYMBOL_EXTENSIONS = YES;
				CLANG_ANALYZER_NONNULL = YES;
				CLANG_ANALYZER_NUMBER_OBJECT_CONVERSION = YES_AGGRESSIVE;
				CLANG_CXX_LANGUAGE_STANDARD = "gnu++20";
				CLANG_ENABLE_MODULES = YES;
				CLANG_ENABLE_OBJC_ARC = YES;
				CLANG_ENABLE_OBJC_WEAK = YES;
				CLANG_WARN_BLOCK_CAPTURE_AUTORELEASING = YES;
				CLANG_WARN_BOOL_CONVERSION = YES;
				CLANG_WARN_COMMA = YES;
				CLANG_WARN_CONSTANT_CONVERSION = YES;
				CLANG_WARN_DEPRECATED_OBJC_IMPLEMENTATIONS = YES;
				CLANG_WARN_DIRECT_OBJC_ISA_USAGE = YES_ERROR;
				CLANG_WARN_DOCUMENTATION_COMMENTS = YES;
				CLANG_WARN_EMPTY_BODY = YES;
				CLANG_WARN_ENUM_CONVERSION = YES;
				CLANG_WARN_INFINITE_RECURSION = YES;
				CLANG_WARN_INT_CONVERSION = YES;
				CLANG_WARN_NON_LITERAL_NULL_CONVERSION = YES;
				CLANG_WARN_OBJC_IMPLICIT_RETAIN_SELF = YES;
				CLANG_WARN_OBJC_LITERAL_CONVERSION = YES;
				CLANG_WARN_OBJC_ROOT_CLASS = YES_ERROR;
				CLANG_WARN_QUOTED_INCLUDE_IN_FRAMEWORK_HEADER = YES;
				CLANG_WARN_RANGE_LOOP_ANALYSIS = YES;
				CLANG_WARN_STRICT_PROTOTYPES = YES;
				CLANG_WARN_SUSPICIOUS_MOVE = YES;
				CLANG_WARN_UNGUARDED_AVAILABILITY = YES_AGGRESSIVE;
				CLANG_WARN_UNREACHABLE_CODE = YES;
				CLANG_WARN__DUPLICATE_METHOD_MATCH = YES;
				COPY_PHASE_STRIP = NO;
				DEBUG_INFORMATION_FORMAT = dwarf;
				ENABLE_STRICT_OBJC_MSGSEND = YES;
				ENABLE_TESTABILITY = YES;
				ENABLE_USER_SCRIPT_SANDBOXING = YES;
				GCC_C_LANGUAGE_STANDARD = gnu17;
				GCC_DYNAMIC_NO_PIC = NO;
				GCC_NO_COMMON_BLOCKS = YES;
				GCC_OPTIMIZATION_LEVEL = 0;
				GCC_PREPROCESSOR_DEFINITIONS = (
					"DEBUG=1",
					"$(inherited)",
				);
				GCC_WARN_64_TO_32_BIT_CONVERSION = YES;
				GCC_WARN_ABOUT_RETURN_TYPE = YES_ERROR;
				GCC_WARN_UNDECLARED_SELECTOR = YES;
				GCC_WARN_UNINITIALIZED_AUTOS = YES_AGGRESSIVE;
				GCC_WARN_UNUSED_FUNCTION = YES;
				GCC_WARN_UNUSED_VARIABLE = YES;
				IPHONEOS_DEPLOYMENT_TARGET = 17.5;
				LOCALIZATION_PREFERS_STRING_CATALOGS = YES;
				MTL_ENABLE_DEBUG_INFO = INCLUDE_SOURCE;
				MTL_FAST_MATH = YES;
				ONLY_ACTIVE_ARCH = YES;
				SDKROOT = iphoneos;
				SWIFT_ACTIVE_COMPILATION_CONDITIONS = "DEBUG $(inherited)";
				SWIFT_OPTIMIZATION_LEVEL = "-Onone";
			};
			name = Debug;
		};
		A516E44B2C8F449C00B8095C /* Release */ = {
			isa = XCBuildConfiguration;
			buildSettings = {
				ALWAYS_SEARCH_USER_PATHS = NO;
				ASSETCATALOG_COMPILER_GENERATE_SWIFT_ASSET_SYMBOL_EXTENSIONS = YES;
				CLANG_ANALYZER_NONNULL = YES;
				CLANG_ANALYZER_NUMBER_OBJECT_CONVERSION = YES_AGGRESSIVE;
				CLANG_CXX_LANGUAGE_STANDARD = "gnu++20";
				CLANG_ENABLE_MODULES = YES;
				CLANG_ENABLE_OBJC_ARC = YES;
				CLANG_ENABLE_OBJC_WEAK = YES;
				CLANG_WARN_BLOCK_CAPTURE_AUTORELEASING = YES;
				CLANG_WARN_BOOL_CONVERSION = YES;
				CLANG_WARN_COMMA = YES;
				CLANG_WARN_CONSTANT_CONVERSION = YES;
				CLANG_WARN_DEPRECATED_OBJC_IMPLEMENTATIONS = YES;
				CLANG_WARN_DIRECT_OBJC_ISA_USAGE = YES_ERROR;
				CLANG_WARN_DOCUMENTATION_COMMENTS = YES;
				CLANG_WARN_EMPTY_BODY = YES;
				CLANG_WARN_ENUM_CONVERSION = YES;
				CLANG_WARN_INFINITE_RECURSION = YES;
				CLANG_WARN_INT_CONVERSION = YES;
				CLANG_WARN_NON_LITERAL_NULL_CONVERSION = YES;
				CLANG_WARN_OBJC_IMPLICIT_RETAIN_SELF = YES;
				CLANG_WARN_OBJC_LITERAL_CONVERSION = YES;
				CLANG_WARN_OBJC_ROOT_CLASS = YES_ERROR;
				CLANG_WARN_QUOTED_INCLUDE_IN_FRAMEWORK_HEADER = YES;
				CLANG_WARN_RANGE_LOOP_ANALYSIS = YES;
				CLANG_WARN_STRICT_PROTOTYPES = YES;
				CLANG_WARN_SUSPICIOUS_MOVE = YES;
				CLANG_WARN_UNGUARDED_AVAILABILITY = YES_AGGRESSIVE;
				CLANG_WARN_UNREACHABLE_CODE = YES;
				CLANG_WARN__DUPLICATE_METHOD_MATCH = YES;
				COPY_PHASE_STRIP = NO;
				DEBUG_INFORMATION_FORMAT = "dwarf-with-dsym";
				ENABLE_NS_ASSERTIONS = NO;
				ENABLE_STRICT_OBJC_MSGSEND = YES;
				ENABLE_USER_SCRIPT_SANDBOXING = YES;
				GCC_C_LANGUAGE_STANDARD = gnu17;
				GCC_NO_COMMON_BLOCKS = YES;
				GCC_WARN_64_TO_32_BIT_CONVERSION = YES;
				GCC_WARN_ABOUT_RETURN_TYPE = YES_ERROR;
				GCC_WARN_UNDECLARED_SELECTOR = YES;
				GCC_WARN_UNINITIALIZED_AUTOS = YES_AGGRESSIVE;
				GCC_WARN_UNUSED_FUNCTION = YES;
				GCC_WARN_UNUSED_VARIABLE = YES;
				IPHONEOS_DEPLOYMENT_TARGET = 17.5;
				LOCALIZATION_PREFERS_STRING_CATALOGS = YES;
				MTL_ENABLE_DEBUG_INFO = NO;
				MTL_FAST_MATH = YES;
				SDKROOT = iphoneos;
				SWIFT_COMPILATION_MODE = wholemodule;
				VALIDATE_PRODUCT = YES;
			};
			name = Release;
		};
		A516E44D2C8F449C00B8095C /* Debug */ = {
			isa = XCBuildConfiguration;
			buildSettings = {
				ASSETCATALOG_COMPILER_APPICON_NAME = AppIcon;
				ASSETCATALOG_COMPILER_GLOBAL_ACCENT_COLOR_NAME = AccentColor;
				CODE_SIGN_STYLE = Automatic;
				CURRENT_PROJECT_VERSION = 1;
				GENERATE_INFOPLIST_FILE = YES;
				INFOPLIST_FILE = PlistSearch/Info.plist;
				INFOPLIST_KEY_UIApplicationSupportsIndirectInputEvents = YES;
				INFOPLIST_KEY_UILaunchStoryboardName = LaunchScreen;
				INFOPLIST_KEY_UIMainStoryboardFile = Main;
				INFOPLIST_KEY_UISupportedInterfaceOrientations_iPad = "UIInterfaceOrientationPortrait UIInterfaceOrientationPortraitUpsideDown UIInterfaceOrientationLandscapeLeft UIInterfaceOrientationLandscapeRight";
				INFOPLIST_KEY_UISupportedInterfaceOrientations_iPhone = "UIInterfaceOrientationPortrait UIInterfaceOrientationLandscapeLeft UIInterfaceOrientationLandscapeRight";
				LD_RUNPATH_SEARCH_PATHS = (
					"$(inherited)",
					"@executable_path/Frameworks",
				);
				MARKETING_VERSION = 1.0;
				PRODUCT_BUNDLE_IDENTIFIER = com.PlistSearch;
				PRODUCT_NAME = "$(TARGET_NAME)";
				SWIFT_EMIT_LOC_STRINGS = YES;
				SWIFT_VERSION = 5.0;
				TARGETED_DEVICE_FAMILY = "1,2";
			};
			name = Debug;
		};
		A516E44E2C8F449C00B8095C /* Release */ = {
			isa = XCBuildConfiguration;
			buildSettings = {
				ASSETCATALOG_COMPILER_APPICON_NAME = AppIcon;
				ASSETCATALOG_COMPILER_GLOBAL_ACCENT_COLOR_NAME = AccentColor;
				CODE_SIGN_STYLE = Automatic;
				CURRENT_PROJECT_VERSION = 1;
				GENERATE_INFOPLIST_FILE = YES;
				INFOPLIST_FILE = PlistSearch/Info.plist;
				INFOPLIST_KEY_UIApplicationSupportsIndirectInputEvents = YES;
				INFOPLIST_KEY_UILaunchStoryboardName = LaunchScreen;
				INFOPLIST_KEY_UIMainStoryboardFile = Main;
				INFOPLIST_KEY_UISupportedInterfaceOrientations_iPad = "UIInterfaceOrientationPortrait UIInterfaceOrientationPortraitUpsideDown UIInterfaceOrientationLandscapeLeft UIInterfaceOrientationLandscapeRight";
				INFOPLIST_KEY_UISupportedInterfaceOrientations_iPhone = "UIInterfaceOrientationPortrait UIInterfaceOrientationLandscapeLeft UIInterfaceOrientationLandscapeRight";
				LD_RUNPATH_SEARCH_PATHS = (
					"$(inherited)",
					"@executable_path/Frameworks",
				);
				MARKETING_VERSION = 1.0;
				PRODUCT_BUNDLE_IDENTIFIER = com.PlistSearch;
				PRODUCT_NAME = "$(TARGET_NAME)";
				SWIFT_EMIT_LOC_STRINGS = YES;
				SWIFT_VERSION = 5.0;
				TARGETED_DEVICE_FAMILY = "1,2";
			};
			name = Release;
		};
		A516E4502C8F449C00B8095C /* Debug */ = {
			isa = XCBuildConfiguration;
			buildSettings = {
				ALWAYS_EMBED_SWIFT_STANDARD_LIBRARIES = YES;
				BUNDLE_LOADER = "$(TEST_HOST)";
				CODE_SIGN_STYLE = Automatic;
				CURRENT_PROJECT_VERSION = 1;
				GENERATE_INFOPLIST_FILE = YES;
				IPHONEOS_DEPLOYMENT_TARGET = 17.5;
				MARKETING_VERSION = 1.0;
				PRODUCT_BUNDLE_IDENTIFIER = com.PlistSearchTests;
				PRODUCT_NAME = "$(TARGET_NAME)";
				SWIFT_EMIT_LOC_STRINGS = NO;
				SWIFT_VERSION = 5.0;
				TARGETED_DEVICE_FAMILY = "1,2";
				TEST_HOST = "$(BUILT_PRODUCTS_DIR)/PlistSearch.app/$(BUNDLE_EXECUTABLE_FOLDER_PATH)/PlistSearch";
			};
			name = Debug;
		};
		A516E4512C8F449C00B8095C /* Release */ = {
			isa = XCBuildConfiguration;
			buildSettings = {
				ALWAYS_EMBED_SWIFT_STANDARD_LIBRARIES = YES;
				BUNDLE_LOADER = "$(TEST_HOST)";
				CODE_SIGN_STYLE = Automatic;
				CURRENT_PROJECT_VERSION = 1;
				GENERATE_INFOPLIST_FILE = YES;
				IPHONEOS_DEPLOYMENT_TARGET = 17.5;
				MARKETING_VERSION = 1.0;
				PRODUCT_BUNDLE_IDENTIFIER = com.PlistSearchTests;
				PRODUCT_NAME = "$(TARGET_NAME)";
				SWIFT_EMIT_LOC_STRINGS = NO;
				SWIFT_VERSION = 5.0;
				TARGETED_DEVICE_FAMILY = "1,2";
				TEST_HOST = "$(BUILT_PRODUCTS_DIR)/PlistSearch.app/$(BUNDLE_EXECUTABLE_FOLDER_PATH)/PlistSearch";
			};
			name = Release;
		};
		A516E4532C8F449C00B8095C /* Debug */ = {
			isa = XCBuildConfiguration;
			buildSettings = {
				ALWAYS_EMBED_SWIFT_STANDARD_LIBRARIES = YES;
				CODE_SIGN_STYLE = Automatic;
				CURRENT_PROJECT_VERSION = 1;
				GENERATE_INFOPLIST_FILE = YES;
				MARKETING_VERSION = 1.0;
				PRODUCT_BUNDLE_IDENTIFIER = com.PlistSearchUITests;
				PRODUCT_NAME = "$(TARGET_NAME)";
				SWIFT_EMIT_LOC_STRINGS = NO;
				SWIFT_VERSION = 5.0;
				TARGETED_DEVICE_FAMILY = "1,2";
				TEST_TARGET_NAME = PlistSearch;
			};
			name = Debug;
		};
		A516E4542C8F449C00B8095C /* Release */ = {
			isa = XCBuildConfiguration;
			buildSettings = {
				ALWAYS_EMBED_SWIFT_STANDARD_LIBRARIES = YES;
				CODE_SIGN_STYLE = Automatic;
				CURRENT_PROJECT_VERSION = 1;
				GENERATE_INFOPLIST_FILE = YES;
				MARKETING_VERSION = 1.0;
				PRODUCT_BUNDLE_IDENTIFIER = com.PlistSearchUITests;
				PRODUCT_NAME = "$(TARGET_NAME)";
				SWIFT_EMIT_LOC_STRINGS = NO;
				SWIFT_VERSION = 5.0;
				TARGETED_DEVICE_FAMILY = "1,2";
				TEST_TARGET_NAME = PlistSearch;
			};
			name = Release;
		};
/* End XCBuildConfiguration section */

/* Begin XCConfigurationList section */
		A516E41D2C8F449B00B8095C /* Build configuration list for PBXProject "PlistSearch" */ = {
			isa = XCConfigurationList;
			buildConfigurations = (
				A516E44A2C8F449C00B8095C /* Debug */,
				A516E44B2C8F449C00B8095C /* Release */,
			);
			defaultConfigurationIsVisible = 0;
			defaultConfigurationName = Release;
		};
		A516E44C2C8F449C00B8095C /* Build configuration list for PBXNativeTarget "PlistSearch" */ = {
			isa = XCConfigurationList;
			buildConfigurations = (
				A516E44D2C8F449C00B8095C /* Debug */,
				A516E44E2C8F449C00B8095C /* Release */,
			);
			defaultConfigurationIsVisible = 0;
			defaultConfigurationName = Release;
		};
		A516E44F2C8F449C00B8095C /* Build configuration list for PBXNativeTarget "PlistSearchTests" */ = {
			isa = XCConfigurationList;
			buildConfigurations = (
				A516E4502C8F449C00B8095C /* Debug */,
				A516E4512C8F449C00B8095C /* Release */,
			);
			defaultConfigurationIsVisible = 0;
			defaultConfigurationName = Release;
		};
		A516E4522C8F449C00B8095C /* Build configuration list for PBXNativeTarget "PlistSearchUITests" */ = {
			isa = XCConfigurationList;
			buildConfigurations = (
				A516E4532C8F449C00B8095C /* Debug */,
				A516E4542C8F449C00B8095C /* Release */,
			);
			defaultConfigurationIsVisible = 0;
			defaultConfigurationName = Release;
		};
/* End XCConfigurationList section */
	};
	rootObject = A516E41A2C8F449B00B8095C /* Project object */;
}
